github.com/dhowden/tag v0.0.0-20230630033851-978a0926ee25 h1:simG0vMYFvNriGhaaat7QVVkaVkXzvqcohaBoLZl9Hg=
github.com/dhowden/tag v0.0.0-20230630033851-978a0926ee25/go.mod h1:Z3Lomva4pyMWYezjMAU5QWRh0p1VvO4199OHlFnyKkM=
github.com/webview/webview v0.0.0-20260106121158-5c5db3f31bf6 h1:1XtvRfBnh0/JDVd10P1SniDNgtN6XMdPT1POcbRJ60A=
github.com/webview/webview v0.0.0-20260106121158-5c5db3f31bf6/go.mod h1:Zk81X+8/mp/MNoeJXXK4Noydn8pcea09e00dFfAwrxg=
github.com/webview/webview_go v0.0.0-20240831120633-6173450d4dd6 h1:VQpB2SpK88C6B5lPHTuSZKb2Qee1QWwiFlC5CKY4AW0=
github.com/webview/webview_go v0.0.0-20240831120633-6173450d4dd6/go.mod h1:yE65LFCeWf4kyWD5re+h4XNvOHJEXOCOuJZ4v8l5sgk=
